
Microsoft Visual Studio Solution File, Format Version 12.00
# Visual Studio Version 17
VisualStudioVersion = 17.14.36221.1 d17.14
MinimumVisualStudioVersion = 10.0.40219.1
Project("{FAE04EC0-301F-11D3-BF4B-00C04F79EFBC}") = "Textile Invoice App", "Textile Invoice App\Textile Invoice App.csproj", "{9308DBED-BB51-4E05-ABCB-03BFFF6A2627}"
EndProject
Global
	GlobalSection(SolutionConfigurationPlatforms) = preSolution
		Debug|Any CPU = Debug|Any CPU
		Release|Any CPU = Release|Any CPU
	EndGlobalSection
	GlobalSection(ProjectConfigurationPlatforms) = postSolution
		{9308DBED-BB51-4E05-ABCB-03BFFF6A2627}.Debug|Any CPU.ActiveCfg = Debug|Any CPU
		{9308DBED-BB51-4E05-ABCB-03BFFF6A2627}.Debug|Any CPU.Build.0 = Debug|Any CPU
		{9308DBED-BB51-4E05-ABCB-03BFFF6A2627}.Release|Any CPU.ActiveCfg = Release|Any CPU
		{9308DBED-BB51-4E05-ABCB-03BFFF6A2627}.Release|Any CPU.Build.0 = Release|Any CPU
	EndGlobalSection
	GlobalSection(SolutionProperties) = preSolution
		HideSolutionNode = FALSE
	EndGlobalSection
	GlobalSection(ExtensibilityGlobals) = postSolution
		SolutionGuid = {58B88200-B668-4241-ABC1-ECD27D622923}
	EndGlobalSection
EndGlobal
